
Microsoft Visual Studio Solution File, Format Version 12.00
# Visual Studio Version 17
VisualStudioVersion = 17.4.33213.308
MinimumVisualStudioVersion = 10.0.40219.1
Project("{FAE04EC0-301F-11D3-BF4B-00C04F79EFBC}") = "HTTP-5101-Assignment", "HTTP-5101-Assignment\HTTP-5101-Assignment.csproj", "{ACFCCEC3-6CE6-475D-93C5-35EB07830E88}"
EndProject
Global
	GlobalSection(SolutionConfigurationPlatforms) = preSolution
		Debug|Any CPU = Debug|Any CPU
		Release|Any CPU = Release|Any CPU
	EndGlobalSection
	GlobalSection(ProjectConfigurationPlatforms) = postSolution
		{ACFCCEC3-6CE6-475D-93C5-35EB07830E88}.Debug|Any CPU.ActiveCfg = Debug|Any CPU
		{ACFCCEC3-6CE6-475D-93C5-35EB07830E88}.Debug|Any CPU.Build.0 = Debug|Any CPU
		{ACFCCEC3-6CE6-475D-93C5-35EB07830E88}.Release|Any CPU.ActiveCfg = Release|Any CPU
		{ACFCCEC3-6CE6-475D-93C5-35EB07830E88}.Release|Any CPU.Build.0 = Release|Any CPU
	EndGlobalSection
	GlobalSection(SolutionProperties) = preSolution
		HideSolutionNode = FALSE
	EndGlobalSection
	GlobalSection(ExtensibilityGlobals) = postSolution
		SolutionGuid = {2FFACFC4-E192-4285-AD86-F93DE49D344F}
	EndGlobalSection
EndGlobal
